
Microsoft Visual Studio Solution File, Format Version 12.00
# Visual Studio Version 17
VisualStudioVersion = 17.4.33122.133
MinimumVisualStudioVersion = 10.0.40219.1
Project("{9A19103F-16F7-4668-BE54-9A1E7A4F7556}") = "CQRS and Repository Pattern", "CQRS and Repository Pattern\CQRS and Repository Pattern.csproj", "{38E89584-EB51-499F-99D7-FF88CE2CCE73}"
EndProject
Global
	GlobalSection(SolutionConfigurationPlatforms) = preSolution
		Debug|Any CPU = Debug|Any CPU
		Release|Any CPU = Release|Any CPU
	EndGlobalSection
	GlobalSection(ProjectConfigurationPlatforms) = postSolution
		{38E89584-EB51-499F-99D7-FF88CE2CCE73}.Debug|Any CPU.ActiveCfg = Debug|Any CPU
		{38E89584-EB51-499F-99D7-FF88CE2CCE73}.Debug|Any CPU.Build.0 = Debug|Any CPU
		{38E89584-EB51-499F-99D7-FF88CE2CCE73}.Release|Any CPU.ActiveCfg = Release|Any CPU
		{38E89584-EB51-499F-99D7-FF88CE2CCE73}.Release|Any CPU.Build.0 = Release|Any CPU
	EndGlobalSection
	GlobalSection(SolutionProperties) = preSolution
		HideSolutionNode = FALSE
	EndGlobalSection
	GlobalSection(ExtensibilityGlobals) = postSolution
		SolutionGuid = {F6B19DC0-701C-4525-8BDD-1C2AF249D688}
	EndGlobalSection
EndGlobal
